
Microsoft Visual Studio Solution File, Format Version 12.00
# Visual Studio Version 16
VisualStudioVersion = 16.0.30907.101
MinimumVisualStudioVersion = 10.0.40219.1
Project("{FAE04EC0-301F-11D3-BF4B-00C04F79EFBC}") = "KapOddevGunDort", "KapOddevGunDort\KapOddevGunDort.csproj", "{7ED8CFBC-1D3C-437D-B5FA-C5B33036EE2F}"
EndProject
Global
	GlobalSection(SolutionConfigurationPlatforms) = preSolution
		Debug|Any CPU = Debug|Any CPU
		Release|Any CPU = Release|Any CPU
	EndGlobalSection
	GlobalSection(ProjectConfigurationPlatforms) = postSolution
		{7ED8CFBC-1D3C-437D-B5FA-C5B33036EE2F}.Debug|Any CPU.ActiveCfg = Debug|Any CPU
		{7ED8CFBC-1D3C-437D-B5FA-C5B33036EE2F}.Debug|Any CPU.Build.0 = Debug|Any CPU
		{7ED8CFBC-1D3C-437D-B5FA-C5B33036EE2F}.Release|Any CPU.ActiveCfg = Release|Any CPU
		{7ED8CFBC-1D3C-437D-B5FA-C5B33036EE2F}.Release|Any CPU.Build.0 = Release|Any CPU
	EndGlobalSection
	GlobalSection(SolutionProperties) = preSolution
		HideSolutionNode = FALSE
	EndGlobalSection
	GlobalSection(ExtensibilityGlobals) = postSolution
		SolutionGuid = {6689D13C-67B9-43C1-91BA-C67F045D5767}
	EndGlobalSection
EndGlobal
